
Microsoft Visual Studio Solution File, Format Version 12.00
# Visual Studio 15
VisualStudioVersion = 15.0.28307.168
MinimumVisualStudioVersion = 10.0.40219.1
Project("{FAE04EC0-301F-11D3-BF4B-00C04F79EFBC}") = "TodoApi", "TodoApi\TodoApi.csproj", "{DAF19FE8-96C4-4A4F-AFA6-BCE8C6CABB32}"
EndProject
Global
	GlobalSection(SolutionConfigurationPlatforms) = preSolution
		Debug|Any CPU = Debug|Any CPU
		Release|Any CPU = Release|Any CPU
	EndGlobalSection
	GlobalSection(ProjectConfigurationPlatforms) = postSolution
		{DAF19FE8-96C4-4A4F-AFA6-BCE8C6CABB32}.Debug|Any CPU.ActiveCfg = Debug|Any CPU
		{DAF19FE8-96C4-4A4F-AFA6-BCE8C6CABB32}.Debug|Any CPU.Build.0 = Debug|Any CPU
		{DAF19FE8-96C4-4A4F-AFA6-BCE8C6CABB32}.Release|Any CPU.ActiveCfg = Release|Any CPU
		{DAF19FE8-96C4-4A4F-AFA6-BCE8C6CABB32}.Release|Any CPU.Build.0 = Release|Any CPU
	EndGlobalSection
	GlobalSection(SolutionProperties) = preSolution
		HideSolutionNode = FALSE
	EndGlobalSection
	GlobalSection(ExtensibilityGlobals) = postSolution
		SolutionGuid = {8CF2EF2F-2795-4985-9762-0FC3FA9B2A42}
	EndGlobalSection
EndGlobal
